
Microsoft Visual Studio Solution File, Format Version 12.00
# Visual Studio Version 17
VisualStudioVersion = 17.7.34031.279
MinimumVisualStudioVersion = 10.0.40219.1
Project("{FAE04EC0-301F-11D3-BF4B-00C04F79EFBC}") = "new pinpan encryption", "new pinpan encryption\new pinpan encryption.csproj", "{C7BFEDD4-7F0E-4630-A28C-165F65BA4FDA}"
EndProject
Global
	GlobalSection(SolutionConfigurationPlatforms) = preSolution
		Debug|Any CPU = Debug|Any CPU
		Release|Any CPU = Release|Any CPU
	EndGlobalSection
	GlobalSection(ProjectConfigurationPlatforms) = postSolution
		{C7BFEDD4-7F0E-4630-A28C-165F65BA4FDA}.Debug|Any CPU.ActiveCfg = Debug|Any CPU
		{C7BFEDD4-7F0E-4630-A28C-165F65BA4FDA}.Debug|Any CPU.Build.0 = Debug|Any CPU
		{C7BFEDD4-7F0E-4630-A28C-165F65BA4FDA}.Release|Any CPU.ActiveCfg = Release|Any CPU
		{C7BFEDD4-7F0E-4630-A28C-165F65BA4FDA}.Release|Any CPU.Build.0 = Release|Any CPU
	EndGlobalSection
	GlobalSection(SolutionProperties) = preSolution
		HideSolutionNode = FALSE
	EndGlobalSection
	GlobalSection(ExtensibilityGlobals) = postSolution
		SolutionGuid = {3F3CB159-F2F5-4445-843A-F9972A0F0317}
	EndGlobalSection
EndGlobal
